
Microsoft Visual Studio Solution File, Format Version 12.00
# Visual Studio Version 17
VisualStudioVersion = 17.0.32112.339
MinimumVisualStudioVersion = 10.0.40219.1
Project("{FAE04EC0-301F-11D3-BF4B-00C04F79EFBC}") = "CalculatorForIvana2", "CalculatorForIvana2\CalculatorForIvana2.csproj", "{4D9ACCFB-24B2-4C94-B91C-71B193211509}"
EndProject
Global
	GlobalSection(SolutionConfigurationPlatforms) = preSolution
		Debug|Any CPU = Debug|Any CPU
		Release|Any CPU = Release|Any CPU
	EndGlobalSection
	GlobalSection(ProjectConfigurationPlatforms) = postSolution
		{4D9ACCFB-24B2-4C94-B91C-71B193211509}.Debug|Any CPU.ActiveCfg = Debug|Any CPU
		{4D9ACCFB-24B2-4C94-B91C-71B193211509}.Debug|Any CPU.Build.0 = Debug|Any CPU
		{4D9ACCFB-24B2-4C94-B91C-71B193211509}.Release|Any CPU.ActiveCfg = Release|Any CPU
		{4D9ACCFB-24B2-4C94-B91C-71B193211509}.Release|Any CPU.Build.0 = Release|Any CPU
	EndGlobalSection
	GlobalSection(SolutionProperties) = preSolution
		HideSolutionNode = FALSE
	EndGlobalSection
	GlobalSection(ExtensibilityGlobals) = postSolution
		SolutionGuid = {2F750AFB-23CE-4C62-BA81-30FE47BDC9CA}
	EndGlobalSection
EndGlobal
